
Microsoft Visual Studio Solution File, Format Version 12.00
# Visual Studio 15
VisualStudioVersion = 15.0.28307.136
MinimumVisualStudioVersion = 10.0.40219.1
Project("{9A19103F-16F7-4668-BE54-9A1E7A4F7556}") = "nessus-tools", "nessus-tools\nessus-tools.csproj", "{0168C928-31B3-4878-852A-60C8E2D0CAD3}"
EndProject
Global
	GlobalSection(SolutionConfigurationPlatforms) = preSolution
		Debug|Any CPU = Debug|Any CPU
		Debug|Mixed Platforms = Debug|Mixed Platforms
		Debug|x86 = Debug|x86
		Release|Any CPU = Release|Any CPU
		Release|Mixed Platforms = Release|Mixed Platforms
		Release|x86 = Release|x86
	EndGlobalSection
	GlobalSection(ProjectConfigurationPlatforms) = postSolution
		{0168C928-31B3-4878-852A-60C8E2D0CAD3}.Debug|Any CPU.ActiveCfg = Debug|Any CPU
		{0168C928-31B3-4878-852A-60C8E2D0CAD3}.Debug|Any CPU.Build.0 = Debug|Any CPU
		{0168C928-31B3-4878-852A-60C8E2D0CAD3}.Debug|Mixed Platforms.ActiveCfg = Debug|Any CPU
		{0168C928-31B3-4878-852A-60C8E2D0CAD3}.Debug|Mixed Platforms.Build.0 = Debug|Any CPU
		{0168C928-31B3-4878-852A-60C8E2D0CAD3}.Debug|x86.ActiveCfg = Debug|Any CPU
		{0168C928-31B3-4878-852A-60C8E2D0CAD3}.Release|Any CPU.ActiveCfg = Release|Any CPU
		{0168C928-31B3-4878-852A-60C8E2D0CAD3}.Release|Any CPU.Build.0 = Release|Any CPU
		{0168C928-31B3-4878-852A-60C8E2D0CAD3}.Release|Mixed Platforms.ActiveCfg = Release|Any CPU
		{0168C928-31B3-4878-852A-60C8E2D0CAD3}.Release|Mixed Platforms.Build.0 = Release|Any CPU
		{0168C928-31B3-4878-852A-60C8E2D0CAD3}.Release|x86.ActiveCfg = Release|Any CPU
	EndGlobalSection
	GlobalSection(SolutionProperties) = preSolution
		HideSolutionNode = FALSE
	EndGlobalSection
	GlobalSection(ExtensibilityGlobals) = postSolution
		SolutionGuid = {795EA904-81E8-495E-9F6B-C7CF774CF9FA}
	EndGlobalSection
EndGlobal
